{
  "name": "@liquid-bricks/agent-component-browser",
  "version": "1.0.0",
  "lockfileVersion": 3,
  "requires": true,
  "packages": {
    "": {
      "name": "@liquid-bricks/agent-component-browser",
      "version": "1.0.0",
      "license": "ISC",
      "dependencies": {
        "@liquid-bricks/agent-component": "github:LiquidBricks/agent-component#8cdf4c5751303b27ed7b1a17d48d143ac87bfa51",
        "@liquid-bricks/lib-component-builder": "github:LiquidBricks/lib-component-builder#311b3a49df58f9c1f03f9eaf6720b3d0dbc37faa",
        "@liquid-bricks/lib-diagnostics": "github:LiquidBricks/lib-diagnostics#7b27e34c65bcbfb75a3c16aaae7ace38bd5f2636",
        "@liquid-bricks/lib-nats-subject": "github:LiquidBricks/lib-nats-subject#82d466e3ae8c5e8c5c3f6417f9e4901965341951"
      }
    },
    "../lib-component-builder": {
      "name": "@liquid-bricks/lib-component-builder",
      "version": "1.0.0",
      "extraneous": true,
      "license": "ISC",
      "dependencies": {
        "@liquid-bricks/lib-diagnostics": "github:LiquidBricks/lib-diagnostics#7b27e34c65bcbfb75a3c16aaae7ace38bd5f2636"
      }
    },
    "../lib-diagnostics": {
      "name": "@liquid-bricks/lib-diagnostics",
      "version": "1.0.0",
      "extraneous": true,
      "license": "ISC"
    },
    "../lib-nats-subject": {
      "name": "@liquid-bricks/lib-nats-subject",
      "version": "1.0.0",
      "extraneous": true,
      "license": "ISC"
    },
    "node_modules/@liquid-bricks/agent-component": {
      "version": "1.0.0",
      "resolved": "git+ssh://git@github.com/LiquidBricks/agent-component.git#8cdf4c5751303b27ed7b1a17d48d143ac87bfa51",
      "integrity": "sha512-qUFqciZv7/0f5O6wAHq44nGqbXp3UGkLxopoeDKj2xcBunytMUZ2qt2JXKij9iuGXIUxrGDWpFj/e+JjgACAOA==",
      "license": "ISC",
      "dependencies": {
        "@liquid-bricks/lib-component-builder": "github:LiquidBricks/lib-component-builder#311b3a49df58f9c1f03f9eaf6720b3d0dbc37faa",
        "@liquid-bricks/lib-diagnostics": "github:LiquidBricks/lib-diagnostics#7b27e34c65bcbfb75a3c16aaae7ace38bd5f2636",
        "@liquid-bricks/lib-nats-subject": "github:LiquidBricks/lib-nats-subject#82d466e3ae8c5e8c5c3f6417f9e4901965341951",
        "ws": "^8.18.3"
      }
    },
    "node_modules/@liquid-bricks/lib-component-builder": {
      "version": "1.0.0",
      "resolved": "git+ssh://git@github.com/LiquidBricks/lib-component-builder.git#311b3a49df58f9c1f03f9eaf6720b3d0dbc37faa",
      "integrity": "sha512-aM+mIHr9+1dg9hTtc6U5//Hi4GBVeXCUqnI4yb+q7OVSoNlH6t/oLGWZSL1zjV4CGeMmno6jhsDHIZGnxrwWlg==",
      "license": "ISC",
      "dependencies": {
        "@liquid-bricks/lib-diagnostics": "github:LiquidBricks/lib-diagnostics#7b27e34c65bcbfb75a3c16aaae7ace38bd5f2636"
      }
    },
    "node_modules/@liquid-bricks/lib-diagnostics": {
      "version": "1.0.0",
      "resolved": "git+ssh://git@github.com/LiquidBricks/lib-diagnostics.git#7b27e34c65bcbfb75a3c16aaae7ace38bd5f2636",
      "integrity": "sha512-7o3Z/aA8rX2sshe4doNk/MdxCb91zIV5LI3IpxxwxvXVwpqc4UQ/Piz6pozocDwO4ckPeTedwPRBtFCavrKMIw==",
      "license": "ISC"
    },
    "node_modules/@liquid-bricks/lib-nats-subject": {
      "version": "1.0.0",
      "resolved": "git+ssh://git@github.com/LiquidBricks/lib-nats-subject.git#82d466e3ae8c5e8c5c3f6417f9e4901965341951",
      "integrity": "sha512-lAgmVpZE4sWfcZlww8/zeaq1djlIAo4zCMoqXGuK8M5BHnvH4gTnxmahuOGAwfGSVunc36SmDTOqOY0ruwO+Hw==",
      "license": "ISC"
    },
    "node_modules/ws": {
      "version": "8.21.0",
      "resolved": "https://registry.npmjs.org/ws/-/ws-8.21.0.tgz",
      "integrity": "sha512-Vsp28b7DRcimFQvrqu2Wek3z1iYxDCWqHYB8Qsnk/S4RfaCQzPGPyBNuVjJV3cd6UiKtUtp6sNM77gWvzcCH+g==",
      "license": "MIT",
      "engines": {
        "node": ">=10.0.0"
      },
      "peerDependencies": {
        "bufferutil": "^4.0.1",
        "utf-8-validate": ">=5.0.2"
      },
      "peerDependenciesMeta": {
        "bufferutil": {
          "optional": true
        },
        "utf-8-validate": {
          "optional": true
        }
      }
    }
  }
}
