{
  "name": "@liquid-bricks/agent-component-browser",
  "version": "1.0.0",
  "lockfileVersion": 3,
  "requires": true,
  "packages": {
    "": {
      "name": "@liquid-bricks/agent-component-browser",
      "version": "1.0.0",
      "license": "ISC",
      "dependencies": {
        "@liquid-bricks/lib-component-builder": "github:LiquidBricks/lib-component-builder#4e431a069411de120d4dd3af2e2727dba2ff16a0",
        "@liquid-bricks/lib-diagnostics": "github:LiquidBricks/lib-diagnostics#2eb9d8e992f1fa656386877c8ff65adbdd2f651e",
        "@liquid-bricks/lib-nats-subject": "github:LiquidBricks/lib-nats-subject#6c901b645f4ae3edfaa70cdb0c7786556296d553"
      }
    },
    "../lib-component-builder": {
      "name": "@liquid-bricks/lib-component-builder",
      "version": "1.0.0",
      "extraneous": true,
      "license": "ISC",
      "dependencies": {
        "@liquid-bricks/lib-diagnostics": "github:LiquidBricks/lib-diagnostics#7b27e34c65bcbfb75a3c16aaae7ace38bd5f2636"
      }
    },
    "../lib-nats-subject": {
      "name": "@liquid-bricks/lib-nats-subject",
      "version": "1.0.0",
      "extraneous": true,
      "license": "ISC"
    },
    "node_modules/@liquid-bricks/lib-component-builder": {
      "version": "1.0.0",
      "resolved": "git+ssh://git@github.com/LiquidBricks/lib-component-builder.git#4e431a069411de120d4dd3af2e2727dba2ff16a0",
      "integrity": "sha512-Qgv8IxM02wQHqdzBNpOS+4IpJTUe9fPBeH3jlwE6qfaqeP0jrWN+1y1ynCIrmzdvR7BLAgcr9iwuKJQDFWnnfg==",
      "license": "ISC",
      "dependencies": {
        "@liquid-bricks/lib-diagnostics": "github:LiquidBricks/lib-diagnostics#2eb9d8e992f1fa656386877c8ff65adbdd2f651e"
      }
    },
    "node_modules/@liquid-bricks/lib-diagnostics": {
      "version": "1.0.0",
      "resolved": "git+ssh://git@github.com/LiquidBricks/lib-diagnostics.git#2eb9d8e992f1fa656386877c8ff65adbdd2f651e",
      "integrity": "sha512-39PewHw8mpLZbipM+LfVFk4TxyZfi261zOhBqnW6JlKVJXXOD4VyFelf2GsHpPoC3ruczpGIzSOXlQTwYGhYYA==",
      "license": "ISC"
    },
    "node_modules/@liquid-bricks/lib-nats-subject": {
      "version": "1.0.0",
      "resolved": "git+ssh://git@github.com/LiquidBricks/lib-nats-subject.git#6c901b645f4ae3edfaa70cdb0c7786556296d553",
      "integrity": "sha512-34jFAY8uHw4MSMw3/sv2gX4KQaJm5O/0/FnKwb/Tzlvr4CVKh2rhanfTgSqxZONPGfl4TZ3u7s8rxU05Zq5YiQ==",
      "license": "ISC"
    }
  }
}
